// !$*UTF8*$!
{
	archiveVersion = 1;
	classes = {
	};
	objectVersion = 50;
	objects = {

/* Begin PBXBuildFile section */
		31A3DF4F24639B5D00127D74 /* AppDelegate.swift in Sources */ = {isa = PBXBuildFile; fileRef = 31A3DF4E24639B5D00127D74 /* AppDelegate.swift */; };
		31A3DF5124639B5D00127D74 /* SceneDelegate.swift in Sources */ = {isa = PBXBuildFile; fileRef = 31A3DF5024639B5D00127D74 /* SceneDelegate.swift */; };
		31A3DF5324639B5D00127D74 /* ViewController.swift in Sources */ = {isa = PBXBuildFile; fileRef = 31A3DF5224639B5D00127D74 /* ViewController.swift */; };
		31A3DF5624639B5D00127D74 /* Main.storyboard in Resources */ = {isa = PBXBuildFile; fileRef = 31A3DF5424639B5D00127D74 /* Main.storyboard */; };
		31A3DF5824639B6000127D74 /* Assets.xcassets in Resources */ = {isa = PBXBuildFile; fileRef = 31A3DF5724639B6000127D74 /* Assets.xcassets */; };
		31A3DF5B24639B6000127D74 /* LaunchScreen.storyboard in Resources */ = {isa = PBXBuildFile; fileRef = 31A3DF5924639B6000127D74 /* LaunchScreen.storyboard */; };
		31A3DF6324639B7700127D74 /* SecondCodeViewController.swift in Sources */ = {isa = PBXBuildFile; fileRef = 31A3DF6224639B7700127D74 /* SecondCodeViewController.swift */; };
		31A3DF6524639BCE00127D74 /* SecondSBViewController.swift in Sources */ = {isa = PBXBuildFile; fileRef = 31A3DF6424639BCE00127D74 /* SecondSBViewController.swift */; };
		31A3DF672463A0A300127D74 /* SecondSegueViewController.swift in Sources */ = {isa = PBXBuildFile; fileRef = 31A3DF662463A0A300127D74 /* SecondSegueViewController.swift */; };
/* End PBXBuildFile section */

/* Begin PBXFileReference section */
		31A3DF4B24639B5D00127D74 /* NavigationBarStudy.app */ = {isa = PBXFileReference; explicitFileType = wrapper.application; includeInIndex = 0; path = NavigationBarStudy.app; sourceTree = BUILT_PRODUCTS_DIR; };
		31A3DF4E24639B5D00127D74 /* AppDelegate.swift */ = {isa = PBXFileReference; lastKnownFileType = sourcecode.swift; path = AppDelegate.swift; sourceTree = "<group>"; };
		31A3DF5024639B5D00127D74 /* SceneDelegate.swift */ = {isa = PBXFileReference; lastKnownFileType = sourcecode.swift; path = SceneDelegate.swift; sourceTree = "<group>"; };
		31A3DF5224639B5D00127D74 /* ViewController.swift */ = {isa = PBXFileReference; lastKnownFileType = sourcecode.swift; path = ViewController.swift; sourceTree = "<group>"; };
		31A3DF5524639B5D00127D74 /* Base */ = {isa = PBXFileReference; lastKnownFileType = file.storyboard; name = Base; path = Base.lproj/Main.storyboard; sourceTree = "<group>"; };
		31A3DF5724639B6000127D74 /* Assets.xcassets */ = {isa = PBXFileReference; lastKnownFileType = folder.assetcatalog; path = Assets.xcassets; sourceTree = "<group>"; };
		31A3DF5A24639B6000127D74 /* Base */ = {isa = PBXFileReference; lastKnownFileType = file.storyboard; name = Base; path = Base.lproj/LaunchScreen.storyboard; sourceTree = "<group>"; };
		31A3DF5C24639B6000127D74 /* Info.plist */ = {isa = PBXFileReference; lastKnownFileType = text.plist.xml; path = Info.plist; sourceTree = "<group>"; };
		31A3DF6224639B7700127D74 /* SecondCodeViewController.swift */ = {isa = PBXFileReference; lastKnownFileType = sourcecode.swift; path = SecondCodeViewController.swift; sourceTree = "<group>"; };
		31A3DF6424639BCE00127D74 /* SecondSBViewController.swift */ = {isa = PBXFileReference; lastKnownFileType = sourcecode.swift; path = SecondSBViewController.swift; sourceTree = "<group>"; };
		31A3DF662463A0A300127D74 /* SecondSegueViewController.swift */ = {isa = PBXFileReference; lastKnownFileType = sourcecode.swift; path = SecondSegueViewController.swift; sourceTree = "<group>"; };
/* End PBXFileReference section */

/* Begin PBXFrameworksBuildPhase section */
		31A3DF4824639B5D00127D74 /* Frameworks */ = {
			isa = PBXFrameworksBuildPhase;
			buildActionMask = 2147483647;
			files = (
			);
			runOnlyForDeploymentPostprocessing = 0;
		};
/* End PBXFrameworksBuildPhase section */

/* Begin PBXGroup section */
		31A3DF4224639B5D00127D74 = {
			isa = PBXGroup;
			children = (
				31A3DF4D24639B5D00127D74 /* NavigationBarStudy */,
				31A3DF4C24639B5D00127D74 /* Products */,
			);
			sourceTree = "<group>";
		};
		31A3DF4C24639B5D00127D74 /* Products */ = {
			isa = PBXGroup;
			children = (
				31A3DF4B24639B5D00127D74 /* NavigationBarStudy.app */,
			);
			name = Products;
			sourceTree = "<group>";
		};
		31A3DF4D24639B5D00127D74 /* NavigationBarStudy */ = {
			isa = PBXGroup;
			children = (
				31A3DF4E24639B5D00127D74 /* AppDelegate.swift */,
				31A3DF5024639B5D00127D74 /* SceneDelegate.swift */,
				31A3DF5224639B5D00127D74 /* ViewController.swift */,
				31A3DF682463A10200127D74 /* Views */,
				31A3DF5424639B5D00127D74 /* Main.storyboard */,
				31A3DF5724639B6000127D74 /* Assets.xcassets */,
				31A3DF5924639B6000127D74 /* LaunchScreen.storyboard */,
				31A3DF5C24639B6000127D74 /* Info.plist */,
			);
			path = NavigationBarStudy;
			sourceTree = "<group>";
		};
		31A3DF682463A10200127D74 /* Views */ = {
			isa = PBXGroup;
			children = (
				31A3DF6224639B7700127D74 /* SecondCodeViewController.swift */,
				31A3DF6424639BCE00127D74 /* SecondSBViewController.swift */,
				31A3DF662463A0A300127D74 /* SecondSegueViewController.swift */,
			);
			path = Views;
			sourceTree = "<group>";
		};
/* End PBXGroup section */

/* Begin PBXNativeTarget section */
		31A3DF4A24639B5D00127D74 /* NavigationBarStudy */ = {
			isa = PBXNativeTarget;
			buildConfigurationList = 31A3DF5F24639B6000127D74 /* Build configuration list for PBXNativeTarget "NavigationBarStudy" */;
			buildPhases = (
				31A3DF4724639B5D00127D74 /* Sources */,
				31A3DF4824639B5D00127D74 /* Frameworks */,
				31A3DF4924639B5D00127D74 /* Resources */,
			);
			buildRules = (
			);
			dependencies = (
			);
			name = NavigationBarStudy;
			productName = NavigationBarStudy;
			productReference = 31A3DF4B24639B5D00127D74 /* NavigationBarStudy.app */;
			productType = "com.apple.product-type.application";
		};
/* End PBXNativeTarget section */

/* Begin PBXProject section */
		31A3DF4324639B5D00127D74 /* Project object */ = {
			isa = PBXProject;
			attributes = {
				LastSwiftUpdateCheck = 1140;
				LastUpgradeCheck = 1140;
				ORGANIZATIONNAME = hanulyun;
				TargetAttributes = {
					31A3DF4A24639B5D00127D74 = {
						CreatedOnToolsVersion = 11.4.1;
					};
				};
			};
			buildConfigurationList = 31A3DF4624639B5D00127D74 /* Build configuration list for PBXProject "NavigationBarStudy" */;
			compatibilityVersion = "Xcode 9.3";
			developmentRegion = en;
			hasScannedForEncodings = 0;
			knownRegions = (
				en,
				Base,
			);
			mainGroup = 31A3DF4224639B5D00127D74;
			productRefGroup = 31A3DF4C24639B5D00127D74 /* Products */;
			projectDirPath = "";
			projectRoot = "";
			targets = (
				31A3DF4A24639B5D00127D74 /* NavigationBarStudy */,
			);
		};
/* End PBXProject section */

/* Begin PBXResourcesBuildPhase section */
		31A3DF4924639B5D00127D74 /* Resources */ = {
			isa = PBXResourcesBuildPhase;
			buildActionMask = 2147483647;
			files = (
				31A3DF5B24639B6000127D74 /* LaunchScreen.storyboard in Resources */,
				31A3DF5824639B6000127D74 /* Assets.xcassets in Resources */,
				31A3DF5624639B5D00127D74 /* Main.storyboard in Resources */,
			);
			runOnlyForDeploymentPostprocessing = 0;
		};
/* End PBXResourcesBuildPhase section */

/* Begin PBXSourcesBuildPhase section */
		31A3DF4724639B5D00127D74 /* Sources */ = {
			isa = PBXSourcesBuildPhase;
			buildActionMask = 2147483647;
			files = (
				31A3DF6524639BCE00127D74 /* SecondSBViewController.swift in Sources */,
				31A3DF6324639B7700127D74 /* SecondCodeViewController.swift in Sources */,
				31A3DF672463A0A300127D74 /* SecondSegueViewController.swift in Sources */,
				31A3DF5324639B5D00127D74 /* ViewController.swift in Sources */,
				31A3DF4F24639B5D00127D74 /* AppDelegate.swift in Sources */,
				31A3DF5124639B5D00127D74 /* SceneDelegate.swift in Sources */,
			);
			runOnlyForDeploymentPostprocessing = 0;
		};
/* End PBXSourcesBuildPhase section */

/* Begin PBXVariantGroup section */
		31A3DF5424639B5D00127D74 /* Main.storyboard */ = {
			isa = PBXVariantGroup;
			children = (
				31A3DF5524639B5D00127D74 /* Base */,
			);
			name = Main.storyboard;
			sourceTree = "<group>";
		};
		31A3DF5924639B6000127D74 /* LaunchScreen.storyboard */ = {
			isa = PBXVariantGroup;
			children = (
				31A3DF5A24639B6000127D74 /* Base */,
			);
			name = LaunchScreen.storyboard;
			sourceTree = "<group>";
		};
/* End PBXVariantGroup section */

/* Begin XCBuildConfiguration section */
		31A3DF5D24639B6000127D74 /* Debug */ = {
			isa = XCBuildConfiguration;
			buildSettings = {
				ALWAYS_SEARCH_USER_PATHS = NO;
				CLANG_ANALYZER_NONNULL = YES;
				CLANG_ANALYZER_NUMBER_OBJECT_CONVERSION = YES_AGGRESSIVE;
				CLANG_CXX_LANGUAGE_STANDARD = "gnu++14";
				CLANG_CXX_LIBRARY = "libc++";
				CLANG_ENABLE_MODULES = YES;
				CLANG_ENABLE_OBJC_ARC = YES;
				CLANG_ENABLE_OBJC_WEAK = YES;
				CLANG_WARN_BLOCK_CAPTURE_AUTORELEASING = YES;
				CLANG_WARN_BOOL_CONVERSION = YES;
				CLANG_WARN_COMMA = YES;
				CLANG_WARN_CONSTANT_CONVERSION = YES;
				CLANG_WARN_DEPRECATED_OBJC_IMPLEMENTATIONS = YES;
				CLANG_WARN_DIRECT_OBJC_ISA_USAGE = YES_ERROR;
				CLANG_WARN_DOCUMENTATION_COMMENTS = YES;
				CLANG_WARN_EMPTY_BODY = YES;
				CLANG_WARN_ENUM_CONVERSION = YES;
				CLANG_WARN_INFINITE_RECURSION = YES;
				CLANG_WARN_INT_CONVERSION = YES;
				CLANG_WARN_NON_LITERAL_NULL_CONVERSION = YES;
				CLANG_WARN_OBJC_IMPLICIT_RETAIN_SELF = YES;
				CLANG_WARN_OBJC_LITERAL_CONVERSION = YES;
				CLANG_WARN_OBJC_ROOT_CLASS = YES_ERROR;
				CLANG_WARN_RANGE_LOOP_ANALYSIS = YES;
				CLANG_WARN_STRICT_PROTOTYPES = YES;
				CLANG_WARN_SUSPICIOUS_MOVE = YES;
				CLANG_WARN_UNGUARDED_AVAILABILITY = YES_AGGRESSIVE;
				CLANG_WARN_UNREACHABLE_CODE = YES;
				CLANG_WARN__DUPLICATE_METHOD_MATCH = YES;
				COPY_PHASE_STRIP = NO;
				DEBUG_INFORMATION_FORMAT = dwarf;
				ENABLE_STRICT_OBJC_MSGSEND = YES;
				ENABLE_TESTABILITY = YES;
				GCC_C_LANGUAGE_STANDARD = gnu11;
				GCC_DYNAMIC_NO_PIC = NO;
				GCC_NO_COMMON_BLOCKS = YES;
				GCC_OPTIMIZATION_LEVEL = 0;
				GCC_PREPROCESSOR_DEFINITIONS = (
					"DEBUG=1",
					"$(inherited)",
				);
				GCC_WARN_64_TO_32_BIT_CONVERSION = YES;
				GCC_WARN_ABOUT_RETURN_TYPE = YES_ERROR;
				GCC_WARN_UNDECLARED_SELECTOR = YES;
				GCC_WARN_UNINITIALIZED_AUTOS = YES_AGGRESSIVE;
				GCC_WARN_UNUSED_FUNCTION = YES;
				GCC_WARN_UNUSED_VARIABLE = YES;
				IPHONEOS_DEPLOYMENT_TARGET = 13.4;
				MTL_ENABLE_DEBUG_INFO = INCLUDE_SOURCE;
				MTL_FAST_MATH = YES;
				ONLY_ACTIVE_ARCH = YES;
				SDKROOT = iphoneos;
				SWIFT_ACTIVE_COMPILATION_CONDITIONS = DEBUG;
				SWIFT_OPTIMIZATION_LEVEL = "-Onone";
			};
			name = Debug;
		};
		31A3DF5E24639B6000127D74 /* Release */ = {
			isa = XCBuildConfiguration;
			buildSettings = {
				ALWAYS_SEARCH_USER_PATHS = NO;
				CLANG_ANALYZER_NONNULL = YES;
				CLANG_ANALYZER_NUMBER_OBJECT_CONVERSION = YES_AGGRESSIVE;
				CLANG_CXX_LANGUAGE_STANDARD = "gnu++14";
				CLANG_CXX_LIBRARY = "libc++";
				CLANG_ENABLE_MODULES = YES;
				CLANG_ENABLE_OBJC_ARC = YES;
				CLANG_ENABLE_OBJC_WEAK = YES;
				CLANG_WARN_BLOCK_CAPTURE_AUTORELEASING = YES;
				CLANG_WARN_BOOL_CONVERSION = YES;
				CLANG_WARN_COMMA = YES;
				CLANG_WARN_CONSTANT_CONVERSION = YES;
				CLANG_WARN_DEPRECATED_OBJC_IMPLEMENTATIONS = YES;
				CLANG_WARN_DIRECT_OBJC_ISA_USAGE = YES_ERROR;
				CLANG_WARN_DOCUMENTATION_COMMENTS = YES;
				CLANG_WARN_EMPTY_BODY = YES;
				CLANG_WARN_ENUM_CONVERSION = YES;
				CLANG_WARN_INFINITE_RECURSION = YES;
				CLANG_WARN_INT_CONVERSION = YES;
				CLANG_WARN_NON_LITERAL_NULL_CONVERSION = YES;
				CLANG_WARN_OBJC_IMPLICIT_RETAIN_SELF = YES;
				CLANG_WARN_OBJC_LITERAL_CONVERSION = YES;
				CLANG_WARN_OBJC_ROOT_CLASS = YES_ERROR;
				CLANG_WARN_RANGE_LOOP_ANALYSIS = YES;
				CLANG_WARN_STRICT_PROTOTYPES = YES;
				CLANG_WARN_SUSPICIOUS_MOVE = YES;
				CLANG_WARN_UNGUARDED_AVAILABILITY = YES_AGGRESSIVE;
				CLANG_WARN_UNREACHABLE_CODE = YES;
				CLANG_WARN__DUPLICATE_METHOD_MATCH = YES;
				COPY_PHASE_STRIP = NO;
				DEBUG_INFORMATION_FORMAT = "dwarf-with-dsym";
				ENABLE_NS_ASSERTIONS = NO;
				ENABLE_STRICT_OBJC_MSGSEND = YES;
				GCC_C_LANGUAGE_STANDARD = gnu11;
				GCC_NO_COMMON_BLOCKS = YES;
				GCC_WARN_64_TO_32_BIT_CONVERSION = YES;
				GCC_WARN_ABOUT_RETURN_TYPE = YES_ERROR;
				GCC_WARN_UNDECLARED_SELECTOR = YES;
				GCC_WARN_UNINITIALIZED_AUTOS = YES_AGGRESSIVE;
				GCC_WARN_UNUSED_FUNCTION = YES;
				GCC_WARN_UNUSED_VARIABLE = YES;
				IPHONEOS_DEPLOYMENT_TARGET = 13.4;
				MTL_ENABLE_DEBUG_INFO = NO;
				MTL_FAST_MATH = YES;
				SDKROOT = iphoneos;
				SWIFT_COMPILATION_MODE = wholemodule;
				SWIFT_OPTIMIZATION_LEVEL = "-O";
				VALIDATE_PRODUCT = YES;
			};
			name = Release;
		};
		31A3DF6024639B6000127D74 /* Debug */ = {
			isa = XCBuildConfiguration;
			buildSettings = {
				ASSETCATALOG_COMPILER_APPICON_NAME = AppIcon;
				CODE_SIGN_STYLE = Automatic;
				DEVELOPMENT_TEAM = P5P5399747;
				INFOPLIST_FILE = NavigationBarStudy/Info.plist;
				LD_RUNPATH_SEARCH_PATHS = (
					"$(inherited)",
					"@executable_path/Frameworks",
				);
				PRODUCT_BUNDLE_IDENTIFIER = com.hanulyun.NavigationBarStudy;
				PRODUCT_NAME = "$(TARGET_NAME)";
				SWIFT_VERSION = 5.0;
				TARGETED_DEVICE_FAMILY = "1,2";
			};
			name = Debug;
		};
		31A3DF6124639B6000127D74 /* Release */ = {
			isa = XCBuildConfiguration;
			buildSettings = {
				ASSETCATALOG_COMPILER_APPICON_NAME = AppIcon;
				CODE_SIGN_STYLE = Automatic;
				DEVELOPMENT_TEAM = P5P5399747;
				INFOPLIST_FILE = NavigationBarStudy/Info.plist;
				LD_RUNPATH_SEARCH_PATHS = (
					"$(inherited)",
					"@executable_path/Frameworks",
				);
				PRODUCT_BUNDLE_IDENTIFIER = com.hanulyun.NavigationBarStudy;
				PRODUCT_NAME = "$(TARGET_NAME)";
				SWIFT_VERSION = 5.0;
				TARGETED_DEVICE_FAMILY = "1,2";
			};
			name = Release;
		};
/* End XCBuildConfiguration section */

/* Begin XCConfigurationList section */
		31A3DF4624639B5D00127D74 /* Build configuration list for PBXProject "NavigationBarStudy" */ = {
			isa = XCConfigurationList;
			buildConfigurations = (
				31A3DF5D24639B6000127D74 /* Debug */,
				31A3DF5E24639B6000127D74 /* Release */,
			);
			defaultConfigurationIsVisible = 0;
			defaultConfigurationName = Release;
		};
		31A3DF5F24639B6000127D74 /* Build configuration list for PBXNativeTarget "NavigationBarStudy" */ = {
			isa = XCConfigurationList;
			buildConfigurations = (
				31A3DF6024639B6000127D74 /* Debug */,
				31A3DF6124639B6000127D74 /* Release */,
			);
			defaultConfigurationIsVisible = 0;
			defaultConfigurationName = Release;
		};
/* End XCConfigurationList section */
	};
	rootObject = 31A3DF4324639B5D00127D74 /* Project object */;
}
